
Microsoft Visual Studio Solution File, Format Version 12.00
# Visual Studio Version 17
VisualStudioVersion = 17.10.35004.147
MinimumVisualStudioVersion = 10.0.40219.1
Project("{FAE04EC0-301F-11D3-BF4B-00C04F79EFBC}") = "backendDOTNET", "backendDOTNET.csproj", "{9BB905FF-0E52-4139-AB4A-FC204DBD595C}"
EndProject
Global
	GlobalSection(SolutionConfigurationPlatforms) = preSolution
		Debug|Any CPU = Debug|Any CPU
		Release|Any CPU = Release|Any CPU
	EndGlobalSection
	GlobalSection(ProjectConfigurationPlatforms) = postSolution
		{9BB905FF-0E52-4139-AB4A-FC204DBD595C}.Debug|Any CPU.ActiveCfg = Debug|Any CPU
		{9BB905FF-0E52-4139-AB4A-FC204DBD595C}.Debug|Any CPU.Build.0 = Debug|Any CPU
		{9BB905FF-0E52-4139-AB4A-FC204DBD595C}.Release|Any CPU.ActiveCfg = Release|Any CPU
		{9BB905FF-0E52-4139-AB4A-FC204DBD595C}.Release|Any CPU.Build.0 = Release|Any CPU
	EndGlobalSection
	GlobalSection(SolutionProperties) = preSolution
		HideSolutionNode = FALSE
	EndGlobalSection
	GlobalSection(ExtensibilityGlobals) = postSolution
		SolutionGuid = {D4ED4A95-E957-465C-9EDF-5C97FEFB4C6D}
	EndGlobalSection
EndGlobal
